
Microsoft Visual Studio Solution File, Format Version 12.00
# Visual Studio 15
VisualStudioVersion = 15.0.26124.0
MinimumVisualStudioVersion = 15.0.26124.0
Project("{FAE04EC0-301F-11D3-BF4B-00C04F79EFBC}") = "PaymentContext.Domain", "PaymentContext.Domain\PaymentContext.Domain.csproj", "{E754F70D-8117-4232-A1E0-9D2840686F61}"
EndProject
Project("{FAE04EC0-301F-11D3-BF4B-00C04F79EFBC}") = "PaymentContext.Shared", "PaymentContext.Shared\PaymentContext.Shared.csproj", "{032A36A8-F861-442C-BA82-E89EC30194B8}"
EndProject
Project("{FAE04EC0-301F-11D3-BF4B-00C04F79EFBC}") = "PaymentContext.Tests", "PaymentContext.Tests\PaymentContext.Tests.csproj", "{FEF6D372-4A87-403D-92E2-AF62410580DC}"
EndProject
Global
	GlobalSection(SolutionConfigurationPlatforms) = preSolution
		Debug|Any CPU = Debug|Any CPU
		Debug|x64 = Debug|x64
		Debug|x86 = Debug|x86
		Release|Any CPU = Release|Any CPU
		Release|x64 = Release|x64
		Release|x86 = Release|x86
	EndGlobalSection
	GlobalSection(SolutionProperties) = preSolution
		HideSolutionNode = FALSE
	EndGlobalSection
	GlobalSection(ProjectConfigurationPlatforms) = postSolution
		{E754F70D-8117-4232-A1E0-9D2840686F61}.Debug|Any CPU.ActiveCfg = Debug|Any CPU
		{E754F70D-8117-4232-A1E0-9D2840686F61}.Debug|Any CPU.Build.0 = Debug|Any CPU
		{E754F70D-8117-4232-A1E0-9D2840686F61}.Debug|x64.ActiveCfg = Debug|Any CPU
		{E754F70D-8117-4232-A1E0-9D2840686F61}.Debug|x64.Build.0 = Debug|Any CPU
		{E754F70D-8117-4232-A1E0-9D2840686F61}.Debug|x86.ActiveCfg = Debug|Any CPU
		{E754F70D-8117-4232-A1E0-9D2840686F61}.Debug|x86.Build.0 = Debug|Any CPU
		{E754F70D-8117-4232-A1E0-9D2840686F61}.Release|Any CPU.ActiveCfg = Release|Any CPU
		{E754F70D-8117-4232-A1E0-9D2840686F61}.Release|Any CPU.Build.0 = Release|Any CPU
		{E754F70D-8117-4232-A1E0-9D2840686F61}.Release|x64.ActiveCfg = Release|Any CPU
		{E754F70D-8117-4232-A1E0-9D2840686F61}.Release|x64.Build.0 = Release|Any CPU
		{E754F70D-8117-4232-A1E0-9D2840686F61}.Release|x86.ActiveCfg = Release|Any CPU
		{E754F70D-8117-4232-A1E0-9D2840686F61}.Release|x86.Build.0 = Release|Any CPU
		{032A36A8-F861-442C-BA82-E89EC30194B8}.Debug|Any CPU.ActiveCfg = Debug|Any CPU
		{032A36A8-F861-442C-BA82-E89EC30194B8}.Debug|Any CPU.Build.0 = Debug|Any CPU
		{032A36A8-F861-442C-BA82-E89EC30194B8}.Debug|x64.ActiveCfg = Debug|Any CPU
		{032A36A8-F861-442C-BA82-E89EC30194B8}.Debug|x64.Build.0 = Debug|Any CPU
		{032A36A8-F861-442C-BA82-E89EC30194B8}.Debug|x86.ActiveCfg = Debug|Any CPU
		{032A36A8-F861-442C-BA82-E89EC30194B8}.Debug|x86.Build.0 = Debug|Any CPU
		{032A36A8-F861-442C-BA82-E89EC30194B8}.Release|Any CPU.ActiveCfg = Release|Any CPU
		{032A36A8-F861-442C-BA82-E89EC30194B8}.Release|Any CPU.Build.0 = Release|Any CPU
		{032A36A8-F861-442C-BA82-E89EC30194B8}.Release|x64.ActiveCfg = Release|Any CPU
		{032A36A8-F861-442C-BA82-E89EC30194B8}.Release|x64.Build.0 = Release|Any CPU
		{032A36A8-F861-442C-BA82-E89EC30194B8}.Release|x86.ActiveCfg = Release|Any CPU
		{032A36A8-F861-442C-BA82-E89EC30194B8}.Release|x86.Build.0 = Release|Any CPU
		{FEF6D372-4A87-403D-92E2-AF62410580DC}.Debug|Any CPU.ActiveCfg = Debug|Any CPU
		{FEF6D372-4A87-403D-92E2-AF62410580DC}.Debug|Any CPU.Build.0 = Debug|Any CPU
		{FEF6D372-4A87-403D-92E2-AF62410580DC}.Debug|x64.ActiveCfg = Debug|Any CPU
		{FEF6D372-4A87-403D-92E2-AF62410580DC}.Debug|x64.Build.0 = Debug|Any CPU
		{FEF6D372-4A87-403D-92E2-AF62410580DC}.Debug|x86.ActiveCfg = Debug|Any CPU
		{FEF6D372-4A87-403D-92E2-AF62410580DC}.Debug|x86.Build.0 = Debug|Any CPU
		{FEF6D372-4A87-403D-92E2-AF62410580DC}.Release|Any CPU.ActiveCfg = Release|Any CPU
		{FEF6D372-4A87-403D-92E2-AF62410580DC}.Release|Any CPU.Build.0 = Release|Any CPU
		{FEF6D372-4A87-403D-92E2-AF62410580DC}.Release|x64.ActiveCfg = Release|Any CPU
		{FEF6D372-4A87-403D-92E2-AF62410580DC}.Release|x64.Build.0 = Release|Any CPU
		{FEF6D372-4A87-403D-92E2-AF62410580DC}.Release|x86.ActiveCfg = Release|Any CPU
		{FEF6D372-4A87-403D-92E2-AF62410580DC}.Release|x86.Build.0 = Release|Any CPU
	EndGlobalSection
EndGlobal
